{
    "name": "js-envs-performance-comparison",
    "version": "1.0.0",
    "lockfileVersion": 3,
    "requires": true,
    "packages": {
        "": {
            "name": "js-envs-performance-comparison",
            "version": "1.0.0",
            "engines": {
                "node": "20.x"
            }
        }
    }
}
